
Microsoft Visual Studio Solution File, Format Version 12.00
# Visual Studio Version 17
VisualStudioVersion = 17.12.35527.113
MinimumVisualStudioVersion = 10.0.40219.1
Project("{FAE04EC0-301F-11D3-BF4B-00C04F79EFBC}") = "Domain", "Domain\Domain.csproj", "{456CFA81-3827-4E9B-A2EA-A0D00FB041F8}"
EndProject
Project("{FAE04EC0-301F-11D3-BF4B-00C04F79EFBC}") = "ConsoleApplication", "ConsoleApplication\ConsoleApplication.csproj", "{A1DFD019-6FF3-47F8-9106-FF485C68A0C8}"
EndProject
Project("{FAE04EC0-301F-11D3-BF4B-00C04F79EFBC}") = "Infrastructure", "Infrastructure\Infrastructure.csproj", "{DB102804-E53A-42FA-84DF-3CEE08540508}"
EndProject
Project("{FAE04EC0-301F-11D3-BF4B-00C04F79EFBC}") = "Database", "Database\Database.csproj", "{43DC1EA0-8995-4998-9682-FE1E8F1C0A0B}"
EndProject
Global
	GlobalSection(SolutionConfigurationPlatforms) = preSolution
		Debug|Any CPU = Debug|Any CPU
		Release|Any CPU = Release|Any CPU
	EndGlobalSection
	GlobalSection(ProjectConfigurationPlatforms) = postSolution
		{456CFA81-3827-4E9B-A2EA-A0D00FB041F8}.Debug|Any CPU.ActiveCfg = Debug|Any CPU
		{456CFA81-3827-4E9B-A2EA-A0D00FB041F8}.Debug|Any CPU.Build.0 = Debug|Any CPU
		{456CFA81-3827-4E9B-A2EA-A0D00FB041F8}.Release|Any CPU.ActiveCfg = Release|Any CPU
		{456CFA81-3827-4E9B-A2EA-A0D00FB041F8}.Release|Any CPU.Build.0 = Release|Any CPU
		{A1DFD019-6FF3-47F8-9106-FF485C68A0C8}.Debug|Any CPU.ActiveCfg = Debug|Any CPU
		{A1DFD019-6FF3-47F8-9106-FF485C68A0C8}.Debug|Any CPU.Build.0 = Debug|Any CPU
		{A1DFD019-6FF3-47F8-9106-FF485C68A0C8}.Release|Any CPU.ActiveCfg = Release|Any CPU
		{A1DFD019-6FF3-47F8-9106-FF485C68A0C8}.Release|Any CPU.Build.0 = Release|Any CPU
		{DB102804-E53A-42FA-84DF-3CEE08540508}.Debug|Any CPU.ActiveCfg = Debug|Any CPU
		{DB102804-E53A-42FA-84DF-3CEE08540508}.Debug|Any CPU.Build.0 = Debug|Any CPU
		{DB102804-E53A-42FA-84DF-3CEE08540508}.Release|Any CPU.ActiveCfg = Release|Any CPU
		{DB102804-E53A-42FA-84DF-3CEE08540508}.Release|Any CPU.Build.0 = Release|Any CPU
		{43DC1EA0-8995-4998-9682-FE1E8F1C0A0B}.Debug|Any CPU.ActiveCfg = Debug|Any CPU
		{43DC1EA0-8995-4998-9682-FE1E8F1C0A0B}.Debug|Any CPU.Build.0 = Debug|Any CPU
		{43DC1EA0-8995-4998-9682-FE1E8F1C0A0B}.Release|Any CPU.ActiveCfg = Release|Any CPU
		{43DC1EA0-8995-4998-9682-FE1E8F1C0A0B}.Release|Any CPU.Build.0 = Release|Any CPU
	EndGlobalSection
	GlobalSection(SolutionProperties) = preSolution
		HideSolutionNode = FALSE
	EndGlobalSection
	GlobalSection(ExtensibilityGlobals) = postSolution
		SolutionGuid = {FD9F0CBA-1DF6-430F-B1B7-0E282F7A4510}
	EndGlobalSection
EndGlobal
